
Microsoft Visual Studio Solution File, Format Version 12.00
# Visual Studio 15
Project("{FAE04EC0-301F-11D3-BF4B-00C04F79EFBC}") = "car-details", "car-details\car-details.csproj", "{A6102E1A-569B-4AE8-AD8E-02A201895570}"
EndProject
Project("{FAE04EC0-301F-11D3-BF4B-00C04F79EFBC}") = "car-details-test", "car-details-test\car-details-test.csproj", "{0C54B280-F5D2-4EB1-84D7-A98963D28855}"
EndProject
Global
	GlobalSection(SolutionConfigurationPlatforms) = preSolution
		Debug|Any CPU = Debug|Any CPU
		Release|Any CPU = Release|Any CPU
	EndGlobalSection
	GlobalSection(ProjectConfigurationPlatforms) = postSolution
		{A6102E1A-569B-4AE8-AD8E-02A201895570}.Debug|Any CPU.ActiveCfg = Debug|Any CPU
		{A6102E1A-569B-4AE8-AD8E-02A201895570}.Debug|Any CPU.Build.0 = Debug|Any CPU
		{A6102E1A-569B-4AE8-AD8E-02A201895570}.Release|Any CPU.ActiveCfg = Release|Any CPU
		{A6102E1A-569B-4AE8-AD8E-02A201895570}.Release|Any CPU.Build.0 = Release|Any CPU
		{0C54B280-F5D2-4EB1-84D7-A98963D28855}.Debug|Any CPU.ActiveCfg = Debug|Any CPU
		{0C54B280-F5D2-4EB1-84D7-A98963D28855}.Debug|Any CPU.Build.0 = Debug|Any CPU
		{0C54B280-F5D2-4EB1-84D7-A98963D28855}.Release|Any CPU.ActiveCfg = Release|Any CPU
		{0C54B280-F5D2-4EB1-84D7-A98963D28855}.Release|Any CPU.Build.0 = Release|Any CPU
	EndGlobalSection
EndGlobal
